// !$*UTF8*$!
{
	archiveVersion = 1;
	classes = {
	};
	objectVersion = 46;
	objects = {

/* Begin PBXBuildFile section */
		317018C01C7D842E008BD4D2 /* AppDelegate.swift in Sources */ = {isa = PBXBuildFile; fileRef = 317018BF1C7D842E008BD4D2 /* AppDelegate.swift */; };
		317018C21C7D842E008BD4D2 /* ViewController.swift in Sources */ = {isa = PBXBuildFile; fileRef = 317018C11C7D842E008BD4D2 /* ViewController.swift */; };
		317018C51C7D842E008BD4D2 /* Main.storyboard in Resources */ = {isa = PBXBuildFile; fileRef = 317018C31C7D842E008BD4D2 /* Main.storyboard */; };
		317018C71C7D842E008BD4D2 /* Assets.xcassets in Resources */ = {isa = PBXBuildFile; fileRef = 317018C61C7D842E008BD4D2 /* Assets.xcassets */; };
		317018CA1C7D842E008BD4D2 /* LaunchScreen.storyboard in Resources */ = {isa = PBXBuildFile; fileRef = 317018C81C7D842E008BD4D2 /* LaunchScreen.storyboard */; };
		317018D31C7D84B8008BD4D2 /* TIVTextView.swift in Sources */ = {isa = PBXBuildFile; fileRef = 317018D21C7D84B7008BD4D2 /* TIVTextView.swift */; };
		317018D51C7DA53F008BD4D2 /* TIVLabel.swift in Sources */ = {isa = PBXBuildFile; fileRef = 317018D41C7DA53F008BD4D2 /* TIVLabel.swift */; };
/* End PBXBuildFile section */

/* Begin PBXFileReference section */
		317018BC1C7D842E008BD4D2 /* TextInputViewGroup.app */ = {isa = PBXFileReference; explicitFileType = wrapper.application; includeInIndex = 0; path = TextInputViewGroup.app; sourceTree = BUILT_PRODUCTS_DIR; };
		317018BF1C7D842E008BD4D2 /* AppDelegate.swift */ = {isa = PBXFileReference; lastKnownFileType = sourcecode.swift; path = AppDelegate.swift; sourceTree = "<group>"; };
		317018C11C7D842E008BD4D2 /* ViewController.swift */ = {isa = PBXFileReference; lastKnownFileType = sourcecode.swift; path = ViewController.swift; sourceTree = "<group>"; };
		317018C41C7D842E008BD4D2 /* Base */ = {isa = PBXFileReference; lastKnownFileType = file.storyboard; name = Base; path = Base.lproj/Main.storyboard; sourceTree = "<group>"; };
		317018C61C7D842E008BD4D2 /* Assets.xcassets */ = {isa = PBXFileReference; lastKnownFileType = folder.assetcatalog; path = Assets.xcassets; sourceTree = "<group>"; };
		317018C91C7D842E008BD4D2 /* Base */ = {isa = PBXFileReference; lastKnownFileType = file.storyboard; name = Base; path = Base.lproj/LaunchScreen.storyboard; sourceTree = "<group>"; };
		317018CB1C7D842E008BD4D2 /* Info.plist */ = {isa = PBXFileReference; lastKnownFileType = text.plist.xml; path = Info.plist; sourceTree = "<group>"; };
		317018D21C7D84B7008BD4D2 /* TIVTextView.swift */ = {isa = PBXFileReference; fileEncoding = 4; lastKnownFileType = sourcecode.swift; path = TIVTextView.swift; sourceTree = "<group>"; };
		317018D41C7DA53F008BD4D2 /* TIVLabel.swift */ = {isa = PBXFileReference; fileEncoding = 4; lastKnownFileType = sourcecode.swift; path = TIVLabel.swift; sourceTree = "<group>"; };
/* End PBXFileReference section */

/* Begin PBXFrameworksBuildPhase section */
		317018B91C7D842E008BD4D2 /* Frameworks */ = {
			isa = PBXFrameworksBuildPhase;
			buildActionMask = 2147483647;
			files = (
			);
			runOnlyForDeploymentPostprocessing = 0;
		};
/* End PBXFrameworksBuildPhase section */

/* Begin PBXGroup section */
		317018B31C7D842E008BD4D2 = {
			isa = PBXGroup;
			children = (
				317018D11C7D8466008BD4D2 /* Class */,
				317018BE1C7D842E008BD4D2 /* TextInputViewGroup */,
				317018BD1C7D842E008BD4D2 /* Products */,
			);
			sourceTree = "<group>";
		};
		317018BD1C7D842E008BD4D2 /* Products */ = {
			isa = PBXGroup;
			children = (
				317018BC1C7D842E008BD4D2 /* TextInputViewGroup.app */,
			);
			name = Products;
			sourceTree = "<group>";
		};
		317018BE1C7D842E008BD4D2 /* TextInputViewGroup */ = {
			isa = PBXGroup;
			children = (
				317018BF1C7D842E008BD4D2 /* AppDelegate.swift */,
				317018C11C7D842E008BD4D2 /* ViewController.swift */,
				317018C31C7D842E008BD4D2 /* Main.storyboard */,
				317018C61C7D842E008BD4D2 /* Assets.xcassets */,
				317018C81C7D842E008BD4D2 /* LaunchScreen.storyboard */,
				317018CB1C7D842E008BD4D2 /* Info.plist */,
			);
			path = TextInputViewGroup;
			sourceTree = "<group>";
		};
		317018D11C7D8466008BD4D2 /* Class */ = {
			isa = PBXGroup;
			children = (
				317018D41C7DA53F008BD4D2 /* TIVLabel.swift */,
				317018D21C7D84B7008BD4D2 /* TIVTextView.swift */,
			);
			path = Class;
			sourceTree = "<group>";
		};
/* End PBXGroup section */

/* Begin PBXNativeTarget section */
		317018BB1C7D842E008BD4D2 /* TextInputViewGroup */ = {
			isa = PBXNativeTarget;
			buildConfigurationList = 317018CE1C7D842E008BD4D2 /* Build configuration list for PBXNativeTarget "TextInputViewGroup" */;
			buildPhases = (
				317018B81C7D842E008BD4D2 /* Sources */,
				317018B91C7D842E008BD4D2 /* Frameworks */,
				317018BA1C7D842E008BD4D2 /* Resources */,
			);
			buildRules = (
			);
			dependencies = (
			);
			name = TextInputViewGroup;
			productName = TextInputViewGroup;
			productReference = 317018BC1C7D842E008BD4D2 /* TextInputViewGroup.app */;
			productType = "com.apple.product-type.application";
		};
/* End PBXNativeTarget section */

/* Begin PBXProject section */
		317018B41C7D842E008BD4D2 /* Project object */ = {
			isa = PBXProject;
			attributes = {
				LastSwiftUpdateCheck = 0720;
				LastUpgradeCheck = 0720;
				ORGANIZATIONNAME = yixiaoluo;
				TargetAttributes = {
					317018BB1C7D842E008BD4D2 = {
						CreatedOnToolsVersion = 7.2.1;
					};
				};
			};
			buildConfigurationList = 317018B71C7D842E008BD4D2 /* Build configuration list for PBXProject "TextInputViewGroup" */;
			compatibilityVersion = "Xcode 3.2";
			developmentRegion = English;
			hasScannedForEncodings = 0;
			knownRegions = (
				en,
				Base,
			);
			mainGroup = 317018B31C7D842E008BD4D2;
			productRefGroup = 317018BD1C7D842E008BD4D2 /* Products */;
			projectDirPath = "";
			projectRoot = "";
			targets = (
				317018BB1C7D842E008BD4D2 /* TextInputViewGroup */,
			);
		};
/* End PBXProject section */

/* Begin PBXResourcesBuildPhase section */
		317018BA1C7D842E008BD4D2 /* Resources */ = {
			isa = PBXResourcesBuildPhase;
			buildActionMask = 2147483647;
			files = (
				317018CA1C7D842E008BD4D2 /* LaunchScreen.storyboard in Resources */,
				317018C71C7D842E008BD4D2 /* Assets.xcassets in Resources */,
				317018C51C7D842E008BD4D2 /* Main.storyboard in Resources */,
			);
			runOnlyForDeploymentPostprocessing = 0;
		};
/* End PBXResourcesBuildPhase section */

/* Begin PBXSourcesBuildPhase section */
		317018B81C7D842E008BD4D2 /* Sources */ = {
			isa = PBXSourcesBuildPhase;
			buildActionMask = 2147483647;
			files = (
				317018D51C7DA53F008BD4D2 /* TIVLabel.swift in Sources */,
				317018D31C7D84B8008BD4D2 /* TIVTextView.swift in Sources */,
				317018C21C7D842E008BD4D2 /* ViewController.swift in Sources */,
				317018C01C7D842E008BD4D2 /* AppDelegate.swift in Sources */,
			);
			runOnlyForDeploymentPostprocessing = 0;
		};
/* End PBXSourcesBuildPhase section */

/* Begin PBXVariantGroup section */
		317018C31C7D842E008BD4D2 /* Main.storyboard */ = {
			isa = PBXVariantGroup;
			children = (
				317018C41C7D842E008BD4D2 /* Base */,
			);
			name = Main.storyboard;
			sourceTree = "<group>";
		};
		317018C81C7D842E008BD4D2 /* LaunchScreen.storyboard */ = {
			isa = PBXVariantGroup;
			children = (
				317018C91C7D842E008BD4D2 /* Base */,
			);
			name = LaunchScreen.storyboard;
			sourceTree = "<group>";
		};
/* End PBXVariantGroup section */

/* Begin XCBuildConfiguration section */
		317018CC1C7D842E008BD4D2 /* Debug */ = {
			isa = XCBuildConfiguration;
			buildSettings = {
				ALWAYS_SEARCH_USER_PATHS = NO;
				CLANG_CXX_LANGUAGE_STANDARD = "gnu++0x";
				CLANG_CXX_LIBRARY = "libc++";
				CLANG_ENABLE_MODULES = YES;
				CLANG_ENABLE_OBJC_ARC = YES;
				CLANG_WARN_BOOL_CONVERSION = YES;
				CLANG_WARN_CONSTANT_CONVERSION = YES;
				CLANG_WARN_DIRECT_OBJC_ISA_USAGE = YES_ERROR;
				CLANG_WARN_EMPTY_BODY = YES;
				CLANG_WARN_ENUM_CONVERSION = YES;
				CLANG_WARN_INT_CONVERSION = YES;
				CLANG_WARN_OBJC_ROOT_CLASS = YES_ERROR;
				CLANG_WARN_UNREACHABLE_CODE = YES;
				CLANG_WARN__DUPLICATE_METHOD_MATCH = YES;
				"CODE_SIGN_IDENTITY[sdk=iphoneos*]" = "iPhone Developer";
				COPY_PHASE_STRIP = NO;
				DEBUG_INFORMATION_FORMAT = dwarf;
				ENABLE_STRICT_OBJC_MSGSEND = YES;
				ENABLE_TESTABILITY = YES;
				GCC_C_LANGUAGE_STANDARD = gnu99;
				GCC_DYNAMIC_NO_PIC = NO;
				GCC_NO_COMMON_BLOCKS = YES;
				GCC_OPTIMIZATION_LEVEL = 0;
				GCC_PREPROCESSOR_DEFINITIONS = (
					"DEBUG=1",
					"$(inherited)",
				);
				GCC_WARN_64_TO_32_BIT_CONVERSION = YES;
				GCC_WARN_ABOUT_RETURN_TYPE = YES_ERROR;
				GCC_WARN_UNDECLARED_SELECTOR = YES;
				GCC_WARN_UNINITIALIZED_AUTOS = YES_AGGRESSIVE;
				GCC_WARN_UNUSED_FUNCTION = YES;
				GCC_WARN_UNUSED_VARIABLE = YES;
				IPHONEOS_DEPLOYMENT_TARGET = 9.2;
				MTL_ENABLE_DEBUG_INFO = YES;
				ONLY_ACTIVE_ARCH = YES;
				SDKROOT = iphoneos;
				SWIFT_OPTIMIZATION_LEVEL = "-Onone";
				TARGETED_DEVICE_FAMILY = "1,2";
			};
			name = Debug;
		};
		317018CD1C7D842E008BD4D2 /* Release */ = {
			isa = XCBuildConfiguration;
			buildSettings = {
				ALWAYS_SEARCH_USER_PATHS = NO;
				CLANG_CXX_LANGUAGE_STANDARD = "gnu++0x";
				CLANG_CXX_LIBRARY = "libc++";
				CLANG_ENABLE_MODULES = YES;
				CLANG_ENABLE_OBJC_ARC = YES;
				CLANG_WARN_BOOL_CONVERSION = YES;
				CLANG_WARN_CONSTANT_CONVERSION = YES;
				CLANG_WARN_DIRECT_OBJC_ISA_USAGE = YES_ERROR;
				CLANG_WARN_EMPTY_BODY = YES;
				CLANG_WARN_ENUM_CONVERSION = YES;
				CLANG_WARN_INT_CONVERSION = YES;
				CLANG_WARN_OBJC_ROOT_CLASS = YES_ERROR;
				CLANG_WARN_UNREACHABLE_CODE = YES;
				CLANG_WARN__DUPLICATE_METHOD_MATCH = YES;
				"CODE_SIGN_IDENTITY[sdk=iphoneos*]" = "iPhone Developer";
				COPY_PHASE_STRIP = NO;
				DEBUG_INFORMATION_FORMAT = "dwarf-with-dsym";
				ENABLE_NS_ASSERTIONS = NO;
				ENABLE_STRICT_OBJC_MSGSEND = YES;
				GCC_C_LANGUAGE_STANDARD = gnu99;
				GCC_NO_COMMON_BLOCKS = YES;
				GCC_WARN_64_TO_32_BIT_CONVERSION = YES;
				GCC_WARN_ABOUT_RETURN_TYPE = YES_ERROR;
				GCC_WARN_UNDECLARED_SELECTOR = YES;
				GCC_WARN_UNINITIALIZED_AUTOS = YES_AGGRESSIVE;
				GCC_WARN_UNUSED_FUNCTION = YES;
				GCC_WARN_UNUSED_VARIABLE = YES;
				IPHONEOS_DEPLOYMENT_TARGET = 9.2;
				MTL_ENABLE_DEBUG_INFO = NO;
				SDKROOT = iphoneos;
				TARGETED_DEVICE_FAMILY = "1,2";
				VALIDATE_PRODUCT = YES;
			};
			name = Release;
		};
		317018CF1C7D842E008BD4D2 /* Debug */ = {
			isa = XCBuildConfiguration;
			buildSettings = {
				ASSETCATALOG_COMPILER_APPICON_NAME = AppIcon;
				INFOPLIST_FILE = TextInputViewGroup/Info.plist;
				LD_RUNPATH_SEARCH_PATHS = "$(inherited) @executable_path/Frameworks";
				PRODUCT_BUNDLE_IDENTIFIER = TIV.TextInputViewGroup;
				PRODUCT_NAME = "$(TARGET_NAME)";
			};
			name = Debug;
		};
		317018D01C7D842E008BD4D2 /* Release */ = {
			isa = XCBuildConfiguration;
			buildSettings = {
				ASSETCATALOG_COMPILER_APPICON_NAME = AppIcon;
				INFOPLIST_FILE = TextInputViewGroup/Info.plist;
				LD_RUNPATH_SEARCH_PATHS = "$(inherited) @executable_path/Frameworks";
				PRODUCT_BUNDLE_IDENTIFIER = TIV.TextInputViewGroup;
				PRODUCT_NAME = "$(TARGET_NAME)";
			};
			name = Release;
		};
/* End XCBuildConfiguration section */

/* Begin XCConfigurationList section */
		317018B71C7D842E008BD4D2 /* Build configuration list for PBXProject "TextInputViewGroup" */ = {
			isa = XCConfigurationList;
			buildConfigurations = (
				317018CC1C7D842E008BD4D2 /* Debug */,
				317018CD1C7D842E008BD4D2 /* Release */,
			);
			defaultConfigurationIsVisible = 0;
			defaultConfigurationName = Release;
		};
		317018CE1C7D842E008BD4D2 /* Build configuration list for PBXNativeTarget "TextInputViewGroup" */ = {
			isa = XCConfigurationList;
			buildConfigurations = (
				317018CF1C7D842E008BD4D2 /* Debug */,
				317018D01C7D842E008BD4D2 /* Release */,
			);
			defaultConfigurationIsVisible = 0;
			defaultConfigurationName = Release;
		};
/* End XCConfigurationList section */
	};
	rootObject = 317018B41C7D842E008BD4D2 /* Project object */;
}
